# This file was autogenerated by Stack.
# You should not edit this file by hand.
# For more information, please see the documentation at:
#   https://docs.haskellstack.org/en/stable/lock_files

packages:
- completed:
    hackage: happstack-lite-7.3.7@sha256:84a54f7593f844cee4ea960c33112ae608d5f9f0b137110fb23fa02a57ab549b,1082
    pantry-tree:
      size: 217
      sha256: 56c2299b7c362a82d262e61a6fc6c7d7ad3e6e2f9ca24865da6fe6633f38b360
  original:
    hackage: happstack-lite-7.3.7
snapshots:
- completed:
    size: 532177
    url: https://raw.githubusercontent.com/commercialhaskell/stackage-snapshots/master/lts/16/20.yaml
    sha256: 0e14ba5603f01e8496e8984fd84b545a012ca723f51a098c6c9d3694e404dc6d
  original: lts-16.20
